
Microsoft Visual Studio Solution File, Format Version 12.00
# Visual Studio Version 17
VisualStudioVersion = 17.4.33403.182
MinimumVisualStudioVersion = 10.0.40219.1
Project("{FAE04EC0-301F-11D3-BF4B-00C04F79EFBC}") = "Regex_Assignment", "Regex_Assignment\Regex_Assignment.csproj", "{A11199B5-61AD-42DD-AD87-150A35C24467}"
EndProject
Global
	GlobalSection(SolutionConfigurationPlatforms) = preSolution
		Debug|Any CPU = Debug|Any CPU
		Release|Any CPU = Release|Any CPU
	EndGlobalSection
	GlobalSection(ProjectConfigurationPlatforms) = postSolution
		{A11199B5-61AD-42DD-AD87-150A35C24467}.Debug|Any CPU.ActiveCfg = Debug|Any CPU
		{A11199B5-61AD-42DD-AD87-150A35C24467}.Debug|Any CPU.Build.0 = Debug|Any CPU
		{A11199B5-61AD-42DD-AD87-150A35C24467}.Release|Any CPU.ActiveCfg = Release|Any CPU
		{A11199B5-61AD-42DD-AD87-150A35C24467}.Release|Any CPU.Build.0 = Release|Any CPU
	EndGlobalSection
	GlobalSection(SolutionProperties) = preSolution
		HideSolutionNode = FALSE
	EndGlobalSection
	GlobalSection(ExtensibilityGlobals) = postSolution
		SolutionGuid = {58111A4F-D2A1-4932-BB05-945B16B20507}
	EndGlobalSection
EndGlobal
